// !$*UTF8*$!
{
	archiveVersion = 1;
	classes = {
	};
	objectVersion = 46;
	objects = {

/* Begin PBXBuildFile section */
		5C0194A8157BC9EB00418213 /* Security.framework in Frameworks */ = {isa = PBXBuildFile; fileRef = 5C0194A7157BC9EB00418213 /* Security.framework */; };
		5C09484D16F7FABD008E6582 /* DDData.m in Sources */ = {isa = PBXBuildFile; fileRef = 5C09480D16F7FABD008E6582 /* DDData.m */; };
		5C09484E16F7FABD008E6582 /* DDNumber.m in Sources */ = {isa = PBXBuildFile; fileRef = 5C09480F16F7FABD008E6582 /* DDNumber.m */; };
		5C09484F16F7FABD008E6582 /* DDRange.m in Sources */ = {isa = PBXBuildFile; fileRef = 5C09481116F7FABD008E6582 /* DDRange.m */; };
		5C09485016F7FABD008E6582 /* HTTPAuthenticationRequest.m in Sources */ = {isa = PBXBuildFile; fileRef = 5C09481316F7FABD008E6582 /* HTTPAuthenticationRequest.m */; };
		5C09485116F7FABD008E6582 /* HTTPConnection.m in Sources */ = {isa = PBXBuildFile; fileRef = 5C09481516F7FABD008E6582 /* HTTPConnection.m */; };
		5C09485216F7FABD008E6582 /* HTTPMessage.m in Sources */ = {isa = PBXBuildFile; fileRef = 5C09481816F7FABD008E6582 /* HTTPMessage.m */; };
		5C09485316F7FABD008E6582 /* HTTPServer.m in Sources */ = {isa = PBXBuildFile; fileRef = 5C09481B16F7FABD008E6582 /* HTTPServer.m */; };
		5C09485416F7FABD008E6582 /* MultipartFormDataParser.m in Sources */ = {isa = PBXBuildFile; fileRef = 5C09481E16F7FABD008E6582 /* MultipartFormDataParser.m */; };
		5C09485516F7FABD008E6582 /* MultipartMessageHeader.m in Sources */ = {isa = PBXBuildFile; fileRef = 5C09482016F7FABD008E6582 /* MultipartMessageHeader.m */; };
		5C09485616F7FABD008E6582 /* MultipartMessageHeaderField.m in Sources */ = {isa = PBXBuildFile; fileRef = 5C09482216F7FABD008E6582 /* MultipartMessageHeaderField.m */; };
		5C09485716F7FABD008E6582 /* HTTPAsyncFileResponse.m in Sources */ = {isa = PBXBuildFile; fileRef = 5C09482516F7FABD008E6582 /* HTTPAsyncFileResponse.m */; };
		5C09485816F7FABD008E6582 /* HTTPDataResponse.m in Sources */ = {isa = PBXBuildFile; fileRef = 5C09482716F7FABD008E6582 /* HTTPDataResponse.m */; };
		5C09485916F7FABD008E6582 /* HTTPDynamicFileResponse.m in Sources */ = {isa = PBXBuildFile; fileRef = 5C09482916F7FABD008E6582 /* HTTPDynamicFileResponse.m */; };
		5C09485A16F7FABD008E6582 /* HTTPErrorResponse.m in Sources */ = {isa = PBXBuildFile; fileRef = 5C09482B16F7FABD008E6582 /* HTTPErrorResponse.m */; };
		5C09485B16F7FABD008E6582 /* HTTPFileResponse.m in Sources */ = {isa = PBXBuildFile; fileRef = 5C09482D16F7FABD008E6582 /* HTTPFileResponse.m */; };
		5C09485C16F7FABD008E6582 /* HTTPRedirectResponse.m in Sources */ = {isa = PBXBuildFile; fileRef = 5C09482F16F7FABD008E6582 /* HTTPRedirectResponse.m */; };
		5C09485D16F7FABD008E6582 /* WebSocket.m in Sources */ = {isa = PBXBuildFile; fileRef = 5C09483116F7FABD008E6582 /* WebSocket.m */; };
		5C09485E16F7FABD008E6582 /* LICENSE.txt in Resources */ = {isa = PBXBuildFile; fileRef = 5C09483216F7FABD008E6582 /* LICENSE.txt */; };
		5C09485F16F7FABD008E6582 /* README.markdown in Resources */ = {isa = PBXBuildFile; fileRef = 5C09483316F7FABD008E6582 /* README.markdown */; };
		5C09486016F7FABD008E6582 /* About.txt in Resources */ = {isa = PBXBuildFile; fileRef = 5C09483616F7FABD008E6582 /* About.txt */; };
		5C09486116F7FABD008E6582 /* GCDAsyncSocket.m in Sources */ = {isa = PBXBuildFile; fileRef = 5C09483816F7FABD008E6582 /* GCDAsyncSocket.m */; };
		5C09486216F7FABD008E6582 /* About.txt in Resources */ = {isa = PBXBuildFile; fileRef = 5C09483A16F7FABD008E6582 /* About.txt */; };
		5C09486316F7FABD008E6582 /* DDAbstractDatabaseLogger.m in Sources */ = {isa = PBXBuildFile; fileRef = 5C09483C16F7FABD008E6582 /* DDAbstractDatabaseLogger.m */; };
		5C09486416F7FABD008E6582 /* DDASLLogger.m in Sources */ = {isa = PBXBuildFile; fileRef = 5C09483E16F7FABD008E6582 /* DDASLLogger.m */; };
		5C09486516F7FABD008E6582 /* DDFileLogger.m in Sources */ = {isa = PBXBuildFile; fileRef = 5C09484016F7FABD008E6582 /* DDFileLogger.m */; };
		5C09486616F7FABD008E6582 /* DDLog.m in Sources */ = {isa = PBXBuildFile; fileRef = 5C09484216F7FABD008E6582 /* DDLog.m */; };
		5C09486716F7FABD008E6582 /* DDTTYLogger.m in Sources */ = {isa = PBXBuildFile; fileRef = 5C09484416F7FABD008E6582 /* DDTTYLogger.m */; };
		5C09486816F7FABD008E6582 /* ContextFilterLogFormatter.m in Sources */ = {isa = PBXBuildFile; fileRef = 5C09484716F7FABD008E6582 /* ContextFilterLogFormatter.m */; };
		5C09486916F7FABD008E6582 /* DispatchQueueLogFormatter.m in Sources */ = {isa = PBXBuildFile; fileRef = 5C09484916F7FABD008E6582 /* DispatchQueueLogFormatter.m */; };
		5C09486A16F7FABD008E6582 /* README.txt in Resources */ = {isa = PBXBuildFile; fileRef = 5C09484A16F7FABD008E6582 /* README.txt */; };
		5C0A32D015786B2600D3A49F /* Cocoa.framework in Frameworks */ = {isa = PBXBuildFile; fileRef = 5C0A32CF15786B2600D3A49F /* Cocoa.framework */; };
		5C0A32DA15786B2600D3A49F /* InfoPlist.strings in Resources */ = {isa = PBXBuildFile; fileRef = 5C0A32D815786B2600D3A49F /* InfoPlist.strings */; };
		5C0A32E015786B2600D3A49F /* Credits.rtf in Resources */ = {isa = PBXBuildFile; fileRef = 5C0A32DE15786B2600D3A49F /* Credits.rtf */; };
		5C0A32F215786C9400D3A49F /* BonjourSearcher.m in Sources */ = {isa = PBXBuildFile; fileRef = 5C0A32F115786C9400D3A49F /* BonjourSearcher.m */; };
		5C0DD8C6157FF566005C8FF8 /* VideoManager.m in Sources */ = {isa = PBXBuildFile; fileRef = 5C0DD8C5157FF566005C8FF8 /* VideoManager.m */; };
		5C4D440D15804915007B94F2 /* pause.png in Resources */ = {isa = PBXBuildFile; fileRef = 5C4D440A15804915007B94F2 /* pause.png */; };
		5C4D440E15804915007B94F2 /* play.png in Resources */ = {isa = PBXBuildFile; fileRef = 5C4D440B15804915007B94F2 /* play.png */; };
		5C4D440F15804915007B94F2 /* stop.png in Resources */ = {isa = PBXBuildFile; fileRef = 5C4D440C15804915007B94F2 /* stop.png */; };
		5CBB2C0C158E9301008EF412 /* CFNetwork.framework in Frameworks */ = {isa = PBXBuildFile; fileRef = 5CBB2C0B158E9301008EF412 /* CFNetwork.framework */; };
		5CFC07C517237F6B0028F63D /* VLCKit.framework in Frameworks */ = {isa = PBXBuildFile; fileRef = 5CFC07C417237F6B0028F63D /* VLCKit.framework */; };
		5CFC07C617237F6F0028F63D /* VLCKit.framework in CopyFiles */ = {isa = PBXBuildFile; fileRef = 5CFC07C417237F6B0028F63D /* VLCKit.framework */; };
		DA0F570C1CDBAFF30045E639 /* ReverseRequester.swift in Sources */ = {isa = PBXBuildFile; fileRef = DA0F570B1CDBAFF30045E639 /* ReverseRequester.swift */; };
		DA0F570E1CDBB02E0045E639 /* AirplayStateMachine.swift in Sources */ = {isa = PBXBuildFile; fileRef = DA0F570D1CDBB02E0045E639 /* AirplayStateMachine.swift */; };
		DA0F57101CDBB2130045E639 /* StopRequester.swift in Sources */ = {isa = PBXBuildFile; fileRef = DA0F570F1CDBB2130045E639 /* StopRequester.swift */; };
		DA0F57121CDBBCB90045E639 /* PlayingRequester.swift in Sources */ = {isa = PBXBuildFile; fileRef = DA0F57111CDBBCB90045E639 /* PlayingRequester.swift */; };
		DA0F57141CDBD3C10045E639 /* PlaybackInfoRequester.swift in Sources */ = {isa = PBXBuildFile; fileRef = DA0F57131CDBD3C10045E639 /* PlaybackInfoRequester.swift */; };
		DA0F57161CDBD3F10045E639 /* ScrubRequester.swift in Sources */ = {isa = PBXBuildFile; fileRef = DA0F57151CDBD3F10045E639 /* ScrubRequester.swift */; };
		DA0F57181CDBD7510045E639 /* ServerInfoRequester.swift in Sources */ = {isa = PBXBuildFile; fileRef = DA0F57171CDBD7510045E639 /* ServerInfoRequester.swift */; };
		DA74FA571CD9706D009FB1F6 /* AppDelegate.swift in Sources */ = {isa = PBXBuildFile; fileRef = DA74FA561CD9706D009FB1F6 /* AppDelegate.swift */; };
		DA89133C1CDCDEE800E883EC /* AirplayConstants.m in Sources */ = {isa = PBXBuildFile; fileRef = DA89133B1CDCDEE800E883EC /* AirplayConstants.m */; };
		DAC34FCE1CD97B3400B18830 /* ViewController.swift in Sources */ = {isa = PBXBuildFile; fileRef = DAC34FCD1CD97B3400B18830 /* ViewController.swift */; };
		DAC350071CD97FC500B18830 /* Main.storyboard in Resources */ = {isa = PBXBuildFile; fileRef = DAC350061CD97FC500B18830 /* Main.storyboard */; };
		DAC3500B1CD98A3300B18830 /* AirplayHandler.swift in Sources */ = {isa = PBXBuildFile; fileRef = DAC3500A1CD98A3300B18830 /* AirplayHandler.swift */; };
/* End PBXBuildFile section */

/* Begin PBXCopyFilesBuildPhase section */
		5C1F508C15792C7E006C8B5B /* CopyFiles */ = {
			isa = PBXCopyFilesBuildPhase;
			buildActionMask = 2147483647;
			dstPath = "";
			dstSubfolderSpec = 10;
			files = (
				5CFC07C617237F6F0028F63D /* VLCKit.framework in CopyFiles */,
			);
			runOnlyForDeploymentPostprocessing = 0;
		};
/* End PBXCopyFilesBuildPhase section */

/* Begin PBXFileReference section */
		5C0194A7157BC9EB00418213 /* Security.framework */ = {isa = PBXFileReference; lastKnownFileType = wrapper.framework; name = Security.framework; path = System/Library/Frameworks/Security.framework; sourceTree = SDKROOT; };
		5C09480C16F7FABD008E6582 /* DDData.h */ = {isa = PBXFileReference; fileEncoding = 4; lastKnownFileType = sourcecode.c.h; path = DDData.h; sourceTree = "<group>"; };
		5C09480D16F7FABD008E6582 /* DDData.m */ = {isa = PBXFileReference; fileEncoding = 4; lastKnownFileType = sourcecode.c.objc; path = DDData.m; sourceTree = "<group>"; };
		5C09480E16F7FABD008E6582 /* DDNumber.h */ = {isa = PBXFileReference; fileEncoding = 4; lastKnownFileType = sourcecode.c.h; path = DDNumber.h; sourceTree = "<group>"; };
		5C09480F16F7FABD008E6582 /* DDNumber.m */ = {isa = PBXFileReference; fileEncoding = 4; lastKnownFileType = sourcecode.c.objc; path = DDNumber.m; sourceTree = "<group>"; };
		5C09481016F7FABD008E6582 /* DDRange.h */ = {isa = PBXFileReference; fileEncoding = 4; lastKnownFileType = sourcecode.c.h; path = DDRange.h; sourceTree = "<group>"; };
		5C09481116F7FABD008E6582 /* DDRange.m */ = {isa = PBXFileReference; fileEncoding = 4; lastKnownFileType = sourcecode.c.objc; path = DDRange.m; sourceTree = "<group>"; };
		5C09481216F7FABD008E6582 /* HTTPAuthenticationRequest.h */ = {isa = PBXFileReference; fileEncoding = 4; lastKnownFileType = sourcecode.c.h; path = HTTPAuthenticationRequest.h; sourceTree = "<group>"; };
		5C09481316F7FABD008E6582 /* HTTPAuthenticationRequest.m */ = {isa = PBXFileReference; fileEncoding = 4; lastKnownFileType = sourcecode.c.objc; path = HTTPAuthenticationRequest.m; sourceTree = "<group>"; };
		5C09481416F7FABD008E6582 /* HTTPConnection.h */ = {isa = PBXFileReference; fileEncoding = 4; lastKnownFileType = sourcecode.c.h; path = HTTPConnection.h; sourceTree = "<group>"; };
		5C09481516F7FABD008E6582 /* HTTPConnection.m */ = {isa = PBXFileReference; fileEncoding = 4; lastKnownFileType = sourcecode.c.objc; path = HTTPConnection.m; sourceTree = "<group>"; };
		5C09481616F7FABD008E6582 /* HTTPLogging.h */ = {isa = PBXFileReference; fileEncoding = 4; lastKnownFileType = sourcecode.c.h; path = HTTPLogging.h; sourceTree = "<group>"; };
		5C09481716F7FABD008E6582 /* HTTPMessage.h */ = {isa = PBXFileReference; fileEncoding = 4; lastKnownFileType = sourcecode.c.h; path = HTTPMessage.h; sourceTree = "<group>"; };
		5C09481816F7FABD008E6582 /* HTTPMessage.m */ = {isa = PBXFileReference; fileEncoding = 4; lastKnownFileType = sourcecode.c.objc; path = HTTPMessage.m; sourceTree = "<group>"; };
		5C09481916F7FABD008E6582 /* HTTPResponse.h */ = {isa = PBXFileReference; fileEncoding = 4; lastKnownFileType = sourcecode.c.h; path = HTTPResponse.h; sourceTree = "<group>"; };
		5C09481A16F7FABD008E6582 /* HTTPServer.h */ = {isa = PBXFileReference; fileEncoding = 4; lastKnownFileType = sourcecode.c.h; path = HTTPServer.h; sourceTree = "<group>"; };
		5C09481B16F7FABD008E6582 /* HTTPServer.m */ = {isa = PBXFileReference; fileEncoding = 4; lastKnownFileType = sourcecode.c.objc; path = HTTPServer.m; sourceTree = "<group>"; };
		5C09481D16F7FABD008E6582 /* MultipartFormDataParser.h */ = {isa = PBXFileReference; fileEncoding = 4; lastKnownFileType = sourcecode.c.h; path = MultipartFormDataParser.h; sourceTree = "<group>"; };
		5C09481E16F7FABD008E6582 /* MultipartFormDataParser.m */ = {isa = PBXFileReference; fileEncoding = 4; lastKnownFileType = sourcecode.c.objc; path = MultipartFormDataParser.m; sourceTree = "<group>"; };
		5C09481F16F7FABD008E6582 /* MultipartMessageHeader.h */ = {isa = PBXFileReference; fileEncoding = 4; lastKnownFileType = sourcecode.c.h; path = MultipartMessageHeader.h; sourceTree = "<group>"; };
		5C09482016F7FABD008E6582 /* MultipartMessageHeader.m */ = {isa = PBXFileReference; fileEncoding = 4; lastKnownFileType = sourcecode.c.objc; path = MultipartMessageHeader.m; sourceTree = "<group>"; };
		5C09482116F7FABD008E6582 /* MultipartMessageHeaderField.h */ = {isa = PBXFileReference; fileEncoding = 4; lastKnownFileType = sourcecode.c.h; path = MultipartMessageHeaderField.h; sourceTree = "<group>"; };
		5C09482216F7FABD008E6582 /* MultipartMessageHeaderField.m */ = {isa = PBXFileReference; fileEncoding = 4; lastKnownFileType = sourcecode.c.objc; path = MultipartMessageHeaderField.m; sourceTree = "<group>"; };
		5C09482416F7FABD008E6582 /* HTTPAsyncFileResponse.h */ = {isa = PBXFileReference; fileEncoding = 4; lastKnownFileType = sourcecode.c.h; path = HTTPAsyncFileResponse.h; sourceTree = "<group>"; };
		5C09482516F7FABD008E6582 /* HTTPAsyncFileResponse.m */ = {isa = PBXFileReference; fileEncoding = 4; lastKnownFileType = sourcecode.c.objc; path = HTTPAsyncFileResponse.m; sourceTree = "<group>"; };
		5C09482616F7FABD008E6582 /* HTTPDataResponse.h */ = {isa = PBXFileReference; fileEncoding = 4; lastKnownFileType = sourcecode.c.h; path = HTTPDataResponse.h; sourceTree = "<group>"; };
		5C09482716F7FABD008E6582 /* HTTPDataResponse.m */ = {isa = PBXFileReference; fileEncoding = 4; lastKnownFileType = sourcecode.c.objc; path = HTTPDataResponse.m; sourceTree = "<group>"; };
		5C09482816F7FABD008E6582 /* HTTPDynamicFileResponse.h */ = {isa = PBXFileReference; fileEncoding = 4; lastKnownFileType = sourcecode.c.h; path = HTTPDynamicFileResponse.h; sourceTree = "<group>"; };
		5C09482916F7FABD008E6582 /* HTTPDynamicFileResponse.m */ = {isa = PBXFileReference; fileEncoding = 4; lastKnownFileType = sourcecode.c.objc; path = HTTPDynamicFileResponse.m; sourceTree = "<group>"; };
		5C09482A16F7FABD008E6582 /* HTTPErrorResponse.h */ = {isa = PBXFileReference; fileEncoding = 4; lastKnownFileType = sourcecode.c.h; path = HTTPErrorResponse.h; sourceTree = "<group>"; };
		5C09482B16F7FABD008E6582 /* HTTPErrorResponse.m */ = {isa = PBXFileReference; fileEncoding = 4; lastKnownFileType = sourcecode.c.objc; path = HTTPErrorResponse.m; sourceTree = "<group>"; };
		5C09482C16F7FABD008E6582 /* HTTPFileResponse.h */ = {isa = PBXFileReference; fileEncoding = 4; lastKnownFileType = sourcecode.c.h; path = HTTPFileResponse.h; sourceTree = "<group>"; };
		5C09482D16F7FABD008E6582 /* HTTPFileResponse.m */ = {isa = PBXFileReference; fileEncoding = 4; lastKnownFileType = sourcecode.c.objc; path = HTTPFileResponse.m; sourceTree = "<group>"; };
		5C09482E16F7FABD008E6582 /* HTTPRedirectResponse.h */ = {isa = PBXFileReference; fileEncoding = 4; lastKnownFileType = sourcecode.c.h; path = HTTPRedirectResponse.h; sourceTree = "<group>"; };
		5C09482F16F7FABD008E6582 /* HTTPRedirectResponse.m */ = {isa = PBXFileReference; fileEncoding = 4; lastKnownFileType = sourcecode.c.objc; path = HTTPRedirectResponse.m; sourceTree = "<group>"; };
		5C09483016F7FABD008E6582 /* WebSocket.h */ = {isa = PBXFileReference; fileEncoding = 4; lastKnownFileType = sourcecode.c.h; path = WebSocket.h; sourceTree = "<group>"; };
		5C09483116F7FABD008E6582 /* WebSocket.m */ = {isa = PBXFileReference; fileEncoding = 4; lastKnownFileType = sourcecode.c.objc; path = WebSocket.m; sourceTree = "<group>"; };
		5C09483216F7FABD008E6582 /* LICENSE.txt */ = {isa = PBXFileReference; fileEncoding = 4; lastKnownFileType = text; path = LICENSE.txt; sourceTree = "<group>"; };
		5C09483316F7FABD008E6582 /* README.markdown */ = {isa = PBXFileReference; fileEncoding = 4; lastKnownFileType = text; path = README.markdown; sourceTree = "<group>"; };
		5C09483616F7FABD008E6582 /* About.txt */ = {isa = PBXFileReference; fileEncoding = 4; lastKnownFileType = text; path = About.txt; sourceTree = "<group>"; };
		5C09483716F7FABD008E6582 /* GCDAsyncSocket.h */ = {isa = PBXFileReference; fileEncoding = 4; lastKnownFileType = sourcecode.c.h; path = GCDAsyncSocket.h; sourceTree = "<group>"; };
		5C09483816F7FABD008E6582 /* GCDAsyncSocket.m */ = {isa = PBXFileReference; fileEncoding = 4; lastKnownFileType = sourcecode.c.objc; path = GCDAsyncSocket.m; sourceTree = "<group>"; };
		5C09483A16F7FABD008E6582 /* About.txt */ = {isa = PBXFileReference; fileEncoding = 4; lastKnownFileType = text; path = About.txt; sourceTree = "<group>"; };
		5C09483B16F7FABD008E6582 /* DDAbstractDatabaseLogger.h */ = {isa = PBXFileReference; fileEncoding = 4; lastKnownFileType = sourcecode.c.h; path = DDAbstractDatabaseLogger.h; sourceTree = "<group>"; };
		5C09483C16F7FABD008E6582 /* DDAbstractDatabaseLogger.m */ = {isa = PBXFileReference; fileEncoding = 4; lastKnownFileType = sourcecode.c.objc; path = DDAbstractDatabaseLogger.m; sourceTree = "<group>"; };
		5C09483D16F7FABD008E6582 /* DDASLLogger.h */ = {isa = PBXFileReference; fileEncoding = 4; lastKnownFileType = sourcecode.c.h; path = DDASLLogger.h; sourceTree = "<group>"; };
		5C09483E16F7FABD008E6582 /* DDASLLogger.m */ = {isa = PBXFileReference; fileEncoding = 4; lastKnownFileType = sourcecode.c.objc; path = DDASLLogger.m; sourceTree = "<group>"; };
		5C09483F16F7FABD008E6582 /* DDFileLogger.h */ = {isa = PBXFileReference; fileEncoding = 4; lastKnownFileType = sourcecode.c.h; path = DDFileLogger.h; sourceTree = "<group>"; };
		5C09484016F7FABD008E6582 /* DDFileLogger.m */ = {isa = PBXFileReference; fileEncoding = 4; lastKnownFileType = sourcecode.c.objc; path = DDFileLogger.m; sourceTree = "<group>"; };
		5C09484116F7FABD008E6582 /* DDLog.h */ = {isa = PBXFileReference; fileEncoding = 4; lastKnownFileType = sourcecode.c.h; path = DDLog.h; sourceTree = "<group>"; };
		5C09484216F7FABD008E6582 /* DDLog.m */ = {isa = PBXFileReference; fileEncoding = 4; lastKnownFileType = sourcecode.c.objc; path = DDLog.m; sourceTree = "<group>"; };
		5C09484316F7FABD008E6582 /* DDTTYLogger.h */ = {isa = PBXFileReference; fileEncoding = 4; lastKnownFileType = sourcecode.c.h; path = DDTTYLogger.h; sourceTree = "<group>"; };
		5C09484416F7FABD008E6582 /* DDTTYLogger.m */ = {isa = PBXFileReference; fileEncoding = 4; lastKnownFileType = sourcecode.c.objc; path = DDTTYLogger.m; sourceTree = "<group>"; };
		5C09484616F7FABD008E6582 /* ContextFilterLogFormatter.h */ = {isa = PBXFileReference; fileEncoding = 4; lastKnownFileType = sourcecode.c.h; path = ContextFilterLogFormatter.h; sourceTree = "<group>"; };
		5C09484716F7FABD008E6582 /* ContextFilterLogFormatter.m */ = {isa = PBXFileReference; fileEncoding = 4; lastKnownFileType = sourcecode.c.objc; path = ContextFilterLogFormatter.m; sourceTree = "<group>"; };
		5C09484816F7FABD008E6582 /* DispatchQueueLogFormatter.h */ = {isa = PBXFileReference; fileEncoding = 4; lastKnownFileType = sourcecode.c.h; path = DispatchQueueLogFormatter.h; sourceTree = "<group>"; };
		5C09484916F7FABD008E6582 /* DispatchQueueLogFormatter.m */ = {isa = PBXFileReference; fileEncoding = 4; lastKnownFileType = sourcecode.c.objc; path = DispatchQueueLogFormatter.m; sourceTree = "<group>"; };
		5C09484A16F7FABD008E6582 /* README.txt */ = {isa = PBXFileReference; fileEncoding = 4; lastKnownFileType = text; path = README.txt; sourceTree = "<group>"; };
		5C0A32CB15786B2600D3A49F /* EtherPlayer.app */ = {isa = PBXFileReference; explicitFileType = wrapper.application; includeInIndex = 0; path = EtherPlayer.app; sourceTree = BUILT_PRODUCTS_DIR; };
		5C0A32CF15786B2600D3A49F /* Cocoa.framework */ = {isa = PBXFileReference; lastKnownFileType = wrapper.framework; name = Cocoa.framework; path = System/Library/Frameworks/Cocoa.framework; sourceTree = SDKROOT; };
		5C0A32D215786B2600D3A49F /* AppKit.framework */ = {isa = PBXFileReference; lastKnownFileType = wrapper.framework; name = AppKit.framework; path = System/Library/Frameworks/AppKit.framework; sourceTree = SDKROOT; };
		5C0A32D315786B2600D3A49F /* CoreData.framework */ = {isa = PBXFileReference; lastKnownFileType = wrapper.framework; name = CoreData.framework; path = System/Library/Frameworks/CoreData.framework; sourceTree = SDKROOT; };
		5C0A32D415786B2600D3A49F /* Foundation.framework */ = {isa = PBXFileReference; lastKnownFileType = wrapper.framework; name = Foundation.framework; path = System/Library/Frameworks/Foundation.framework; sourceTree = SDKROOT; };
		5C0A32D715786B2600D3A49F /* EtherPlayer-Info.plist */ = {isa = PBXFileReference; lastKnownFileType = text.plist.xml; path = "EtherPlayer-Info.plist"; sourceTree = "<group>"; };
		5C0A32D915786B2600D3A49F /* en */ = {isa = PBXFileReference; lastKnownFileType = text.plist.strings; name = en; path = en.lproj/InfoPlist.strings; sourceTree = "<group>"; };
		5C0A32DD15786B2600D3A49F /* EtherPlayer-Prefix.pch */ = {isa = PBXFileReference; lastKnownFileType = sourcecode.c.h; path = "EtherPlayer-Prefix.pch"; sourceTree = "<group>"; };
		5C0A32DF15786B2600D3A49F /* en */ = {isa = PBXFileReference; lastKnownFileType = text.rtf; name = en; path = en.lproj/Credits.rtf; sourceTree = "<group>"; };
		5C0A32F015786C9400D3A49F /* BonjourSearcher.h */ = {isa = PBXFileReference; fileEncoding = 4; lastKnownFileType = sourcecode.c.h; path = BonjourSearcher.h; sourceTree = "<group>"; };
		5C0A32F115786C9400D3A49F /* BonjourSearcher.m */ = {isa = PBXFileReference; fileEncoding = 4; lastKnownFileType = sourcecode.c.objc; path = BonjourSearcher.m; sourceTree = "<group>"; };
		5C0DD8C4157FF566005C8FF8 /* VideoManager.h */ = {isa = PBXFileReference; fileEncoding = 4; lastKnownFileType = sourcecode.c.h; path = VideoManager.h; sourceTree = "<group>"; };
		5C0DD8C5157FF566005C8FF8 /* VideoManager.m */ = {isa = PBXFileReference; fileEncoding = 4; lastKnownFileType = sourcecode.c.objc; path = VideoManager.m; sourceTree = "<group>"; };
		5C4D440A15804915007B94F2 /* pause.png */ = {isa = PBXFileReference; lastKnownFileType = image.png; path = pause.png; sourceTree = "<group>"; };
		5C4D440B15804915007B94F2 /* play.png */ = {isa = PBXFileReference; lastKnownFileType = image.png; path = play.png; sourceTree = "<group>"; };
		5C4D440C15804915007B94F2 /* stop.png */ = {isa = PBXFileReference; lastKnownFileType = image.png; path = stop.png; sourceTree = "<group>"; };
		5CBB2C0B158E9301008EF412 /* CFNetwork.framework */ = {isa = PBXFileReference; lastKnownFileType = wrapper.framework; name = CFNetwork.framework; path = System/Library/Frameworks/CFNetwork.framework; sourceTree = SDKROOT; };
		5CFC07C417237F6B0028F63D /* VLCKit.framework */ = {isa = PBXFileReference; lastKnownFileType = wrapper.framework; path = VLCKit.framework; sourceTree = "<group>"; };
		DA0F570B1CDBAFF30045E639 /* ReverseRequester.swift */ = {isa = PBXFileReference; fileEncoding = 4; lastKnownFileType = sourcecode.swift; path = ReverseRequester.swift; sourceTree = "<group>"; };
		DA0F570D1CDBB02E0045E639 /* AirplayStateMachine.swift */ = {isa = PBXFileReference; fileEncoding = 4; lastKnownFileType = sourcecode.swift; path = AirplayStateMachine.swift; sourceTree = "<group>"; };
		DA0F570F1CDBB2130045E639 /* StopRequester.swift */ = {isa = PBXFileReference; fileEncoding = 4; lastKnownFileType = sourcecode.swift; path = StopRequester.swift; sourceTree = "<group>"; };
		DA0F57111CDBBCB90045E639 /* PlayingRequester.swift */ = {isa = PBXFileReference; fileEncoding = 4; lastKnownFileType = sourcecode.swift; path = PlayingRequester.swift; sourceTree = "<group>"; };
		DA0F57131CDBD3C10045E639 /* PlaybackInfoRequester.swift */ = {isa = PBXFileReference; fileEncoding = 4; lastKnownFileType = sourcecode.swift; path = PlaybackInfoRequester.swift; sourceTree = "<group>"; };
		DA0F57151CDBD3F10045E639 /* ScrubRequester.swift */ = {isa = PBXFileReference; fileEncoding = 4; lastKnownFileType = sourcecode.swift; path = ScrubRequester.swift; sourceTree = "<group>"; };
		DA0F57171CDBD7510045E639 /* ServerInfoRequester.swift */ = {isa = PBXFileReference; fileEncoding = 4; lastKnownFileType = sourcecode.swift; path = ServerInfoRequester.swift; sourceTree = "<group>"; };
		DA74FA551CD9706D009FB1F6 /* EtherPlayer-Bridging-Header.h */ = {isa = PBXFileReference; lastKnownFileType = sourcecode.c.h; path = "EtherPlayer-Bridging-Header.h"; sourceTree = "<group>"; };
		DA74FA561CD9706D009FB1F6 /* AppDelegate.swift */ = {isa = PBXFileReference; fileEncoding = 4; lastKnownFileType = sourcecode.swift; path = AppDelegate.swift; sourceTree = "<group>"; };
		DA89133A1CDCDEE800E883EC /* AirplayConstants.h */ = {isa = PBXFileReference; fileEncoding = 4; lastKnownFileType = sourcecode.c.h; path = AirplayConstants.h; sourceTree = "<group>"; };
		DA89133B1CDCDEE800E883EC /* AirplayConstants.m */ = {isa = PBXFileReference; fileEncoding = 4; lastKnownFileType = sourcecode.c.objc; path = AirplayConstants.m; sourceTree = "<group>"; };
		DAC34FCD1CD97B3400B18830 /* ViewController.swift */ = {isa = PBXFileReference; fileEncoding = 4; lastKnownFileType = sourcecode.swift; path = ViewController.swift; sourceTree = "<group>"; };
		DAC350061CD97FC500B18830 /* Main.storyboard */ = {isa = PBXFileReference; fileEncoding = 4; lastKnownFileType = file.storyboard; path = Main.storyboard; sourceTree = "<group>"; };
		DAC3500A1CD98A3300B18830 /* AirplayHandler.swift */ = {isa = PBXFileReference; fileEncoding = 4; lastKnownFileType = sourcecode.swift; path = AirplayHandler.swift; sourceTree = "<group>"; };
/* End PBXFileReference section */

/* Begin PBXFrameworksBuildPhase section */
		5C0A32C815786B2600D3A49F /* Frameworks */ = {
			isa = PBXFrameworksBuildPhase;
			buildActionMask = 2147483647;
			files = (
				5CBB2C0C158E9301008EF412 /* CFNetwork.framework in Frameworks */,
				5C0194A8157BC9EB00418213 /* Security.framework in Frameworks */,
				5C0A32D015786B2600D3A49F /* Cocoa.framework in Frameworks */,
				5CFC07C517237F6B0028F63D /* VLCKit.framework in Frameworks */,
			);
			runOnlyForDeploymentPostprocessing = 0;
		};
/* End PBXFrameworksBuildPhase section */

/* Begin PBXGroup section */
		5C09480716F7FABD008E6582 /* CocoaHTTPServer */ = {
			isa = PBXGroup;
			children = (
				5C09480A16F7FABD008E6582 /* Core */,
				5C09483216F7FABD008E6582 /* LICENSE.txt */,
				5C09483316F7FABD008E6582 /* README.markdown */,
				5C09483416F7FABD008E6582 /* Vendor */,
			);
			path = CocoaHTTPServer;
			sourceTree = "<group>";
		};
		5C09480A16F7FABD008E6582 /* Core */ = {
			isa = PBXGroup;
			children = (
				5C09480B16F7FABD008E6582 /* Categories */,
				5C09481216F7FABD008E6582 /* HTTPAuthenticationRequest.h */,
				5C09481316F7FABD008E6582 /* HTTPAuthenticationRequest.m */,
				5C09481416F7FABD008E6582 /* HTTPConnection.h */,
				5C09481516F7FABD008E6582 /* HTTPConnection.m */,
				5C09481616F7FABD008E6582 /* HTTPLogging.h */,
				5C09481716F7FABD008E6582 /* HTTPMessage.h */,
				5C09481816F7FABD008E6582 /* HTTPMessage.m */,
				5C09481916F7FABD008E6582 /* HTTPResponse.h */,
				5C09481A16F7FABD008E6582 /* HTTPServer.h */,
				5C09481B16F7FABD008E6582 /* HTTPServer.m */,
				5C09481C16F7FABD008E6582 /* Mime */,
				5C09482316F7FABD008E6582 /* Responses */,
				5C09483016F7FABD008E6582 /* WebSocket.h */,
				5C09483116F7FABD008E6582 /* WebSocket.m */,
			);
			path = Core;
			sourceTree = "<group>";
		};
		5C09480B16F7FABD008E6582 /* Categories */ = {
			isa = PBXGroup;
			children = (
				5C09480C16F7FABD008E6582 /* DDData.h */,
				5C09480D16F7FABD008E6582 /* DDData.m */,
				5C09480E16F7FABD008E6582 /* DDNumber.h */,
				5C09480F16F7FABD008E6582 /* DDNumber.m */,
				5C09481016F7FABD008E6582 /* DDRange.h */,
				5C09481116F7FABD008E6582 /* DDRange.m */,
			);
			path = Categories;
			sourceTree = "<group>";
		};
		5C09481C16F7FABD008E6582 /* Mime */ = {
			isa = PBXGroup;
			children = (
				5C09481D16F7FABD008E6582 /* MultipartFormDataParser.h */,
				5C09481E16F7FABD008E6582 /* MultipartFormDataParser.m */,
				5C09481F16F7FABD008E6582 /* MultipartMessageHeader.h */,
				5C09482016F7FABD008E6582 /* MultipartMessageHeader.m */,
				5C09482116F7FABD008E6582 /* MultipartMessageHeaderField.h */,
				5C09482216F7FABD008E6582 /* MultipartMessageHeaderField.m */,
			);
			path = Mime;
			sourceTree = "<group>";
		};
		5C09482316F7FABD008E6582 /* Responses */ = {
			isa = PBXGroup;
			children = (
				5C09482416F7FABD008E6582 /* HTTPAsyncFileResponse.h */,
				5C09482516F7FABD008E6582 /* HTTPAsyncFileResponse.m */,
				5C09482616F7FABD008E6582 /* HTTPDataResponse.h */,
				5C09482716F7FABD008E6582 /* HTTPDataResponse.m */,
				5C09482816F7FABD008E6582 /* HTTPDynamicFileResponse.h */,
				5C09482916F7FABD008E6582 /* HTTPDynamicFileResponse.m */,
				5C09482A16F7FABD008E6582 /* HTTPErrorResponse.h */,
				5C09482B16F7FABD008E6582 /* HTTPErrorResponse.m */,
				5C09482C16F7FABD008E6582 /* HTTPFileResponse.h */,
				5C09482D16F7FABD008E6582 /* HTTPFileResponse.m */,
				5C09482E16F7FABD008E6582 /* HTTPRedirectResponse.h */,
				5C09482F16F7FABD008E6582 /* HTTPRedirectResponse.m */,
			);
			path = Responses;
			sourceTree = "<group>";
		};
		5C09483416F7FABD008E6582 /* Vendor */ = {
			isa = PBXGroup;
			children = (
				5C09483516F7FABD008E6582 /* CocoaAsyncSocket */,
				5C09483916F7FABD008E6582 /* CocoaLumberjack */,
			);
			path = Vendor;
			sourceTree = "<group>";
		};
		5C09483516F7FABD008E6582 /* CocoaAsyncSocket */ = {
			isa = PBXGroup;
			children = (
				5C09483616F7FABD008E6582 /* About.txt */,
				5C09483716F7FABD008E6582 /* GCDAsyncSocket.h */,
				5C09483816F7FABD008E6582 /* GCDAsyncSocket.m */,
			);
			path = CocoaAsyncSocket;
			sourceTree = "<group>";
		};
		5C09483916F7FABD008E6582 /* CocoaLumberjack */ = {
			isa = PBXGroup;
			children = (
				5C09483A16F7FABD008E6582 /* About.txt */,
				5C09483B16F7FABD008E6582 /* DDAbstractDatabaseLogger.h */,
				5C09483C16F7FABD008E6582 /* DDAbstractDatabaseLogger.m */,
				5C09483D16F7FABD008E6582 /* DDASLLogger.h */,
				5C09483E16F7FABD008E6582 /* DDASLLogger.m */,
				5C09483F16F7FABD008E6582 /* DDFileLogger.h */,
				5C09484016F7FABD008E6582 /* DDFileLogger.m */,
				5C09484116F7FABD008E6582 /* DDLog.h */,
				5C09484216F7FABD008E6582 /* DDLog.m */,
				5C09484316F7FABD008E6582 /* DDTTYLogger.h */,
				5C09484416F7FABD008E6582 /* DDTTYLogger.m */,
				5C09484516F7FABD008E6582 /* Extensions */,
			);
			path = CocoaLumberjack;
			sourceTree = "<group>";
		};
		5C09484516F7FABD008E6582 /* Extensions */ = {
			isa = PBXGroup;
			children = (
				5C09484616F7FABD008E6582 /* ContextFilterLogFormatter.h */,
				5C09484716F7FABD008E6582 /* ContextFilterLogFormatter.m */,
				5C09484816F7FABD008E6582 /* DispatchQueueLogFormatter.h */,
				5C09484916F7FABD008E6582 /* DispatchQueueLogFormatter.m */,
				5C09484A16F7FABD008E6582 /* README.txt */,
			);
			path = Extensions;
			sourceTree = "<group>";
		};
		5C0A32C015786B2600D3A49F = {
			isa = PBXGroup;
			children = (
				5C0A32D515786B2600D3A49F /* EtherPlayer */,
				5C09480716F7FABD008E6582 /* CocoaHTTPServer */,
				5C0A32CE15786B2600D3A49F /* Frameworks */,
				5C0A32CC15786B2600D3A49F /* Products */,
			);
			sourceTree = "<group>";
		};
		5C0A32CC15786B2600D3A49F /* Products */ = {
			isa = PBXGroup;
			children = (
				5C0A32CB15786B2600D3A49F /* EtherPlayer.app */,
			);
			name = Products;
			sourceTree = "<group>";
		};
		5C0A32CE15786B2600D3A49F /* Frameworks */ = {
			isa = PBXGroup;
			children = (
				5CFC07C417237F6B0028F63D /* VLCKit.framework */,
				5CBB2C0B158E9301008EF412 /* CFNetwork.framework */,
				5C0A32CF15786B2600D3A49F /* Cocoa.framework */,
				5C0194A7157BC9EB00418213 /* Security.framework */,
				5C0A32D115786B2600D3A49F /* Other Frameworks */,
			);
			name = Frameworks;
			sourceTree = "<group>";
		};
		5C0A32D115786B2600D3A49F /* Other Frameworks */ = {
			isa = PBXGroup;
			children = (
				5C0A32D215786B2600D3A49F /* AppKit.framework */,
				5C0A32D315786B2600D3A49F /* CoreData.framework */,
				5C0A32D415786B2600D3A49F /* Foundation.framework */,
			);
			name = "Other Frameworks";
			sourceTree = "<group>";
		};
		5C0A32D515786B2600D3A49F /* EtherPlayer */ = {
			isa = PBXGroup;
			children = (
				DA0F570A1CDBAFCC0045E639 /* AirPlay */,
				DA74FA561CD9706D009FB1F6 /* AppDelegate.swift */,
				5C0DD8C4157FF566005C8FF8 /* VideoManager.h */,
				5C0DD8C5157FF566005C8FF8 /* VideoManager.m */,
				5C0A32F015786C9400D3A49F /* BonjourSearcher.h */,
				5C0A32F115786C9400D3A49F /* BonjourSearcher.m */,
				DAC34FCD1CD97B3400B18830 /* ViewController.swift */,
				DAC350061CD97FC500B18830 /* Main.storyboard */,
				DA74FA551CD9706D009FB1F6 /* EtherPlayer-Bridging-Header.h */,
				5C4D4408158048F0007B94F2 /* Resources */,
				5C0A32D615786B2600D3A49F /* Supporting Files */,
			);
			path = EtherPlayer;
			sourceTree = "<group>";
		};
		5C0A32D615786B2600D3A49F /* Supporting Files */ = {
			isa = PBXGroup;
			children = (
				5C0A32D715786B2600D3A49F /* EtherPlayer-Info.plist */,
				5C0A32D815786B2600D3A49F /* InfoPlist.strings */,
				5C0A32DD15786B2600D3A49F /* EtherPlayer-Prefix.pch */,
				5C0A32DE15786B2600D3A49F /* Credits.rtf */,
			);
			name = "Supporting Files";
			sourceTree = "<group>";
		};
		5C4D4408158048F0007B94F2 /* Resources */ = {
			isa = PBXGroup;
			children = (
				5C4D440A15804915007B94F2 /* pause.png */,
				5C4D440B15804915007B94F2 /* play.png */,
				5C4D440C15804915007B94F2 /* stop.png */,
			);
			name = Resources;
			sourceTree = "<group>";
		};
		DA0F570A1CDBAFCC0045E639 /* AirPlay */ = {
			isa = PBXGroup;
			children = (
				DAC3500A1CD98A3300B18830 /* AirplayHandler.swift */,
				DA89133A1CDCDEE800E883EC /* AirplayConstants.h */,
				DA89133B1CDCDEE800E883EC /* AirplayConstants.m */,
				DA0F570D1CDBB02E0045E639 /* AirplayStateMachine.swift */,
				DA0F57131CDBD3C10045E639 /* PlaybackInfoRequester.swift */,
				DA0F57111CDBBCB90045E639 /* PlayingRequester.swift */,
				DA0F570B1CDBAFF30045E639 /* ReverseRequester.swift */,
				DA0F57151CDBD3F10045E639 /* ScrubRequester.swift */,
				DA0F57171CDBD7510045E639 /* ServerInfoRequester.swift */,
				DA0F570F1CDBB2130045E639 /* StopRequester.swift */,
			);
			path = AirPlay;
			sourceTree = "<group>";
		};
/* End PBXGroup section */

/* Begin PBXNativeTarget section */
		5C0A32CA15786B2600D3A49F /* EtherPlayer */ = {
			isa = PBXNativeTarget;
			buildConfigurationList = 5C0A32E915786B2700D3A49F /* Build configuration list for PBXNativeTarget "EtherPlayer" */;
			buildPhases = (
				5C0A32C715786B2600D3A49F /* Sources */,
				5C0A32C815786B2600D3A49F /* Frameworks */,
				5C0A32C915786B2600D3A49F /* Resources */,
				5C1F508C15792C7E006C8B5B /* CopyFiles */,
			);
			buildRules = (
			);
			dependencies = (
			);
			name = EtherPlayer;
			productName = EtherPlayer;
			productReference = 5C0A32CB15786B2600D3A49F /* EtherPlayer.app */;
			productType = "com.apple.product-type.application";
		};
/* End PBXNativeTarget section */

/* Begin PBXProject section */
		5C0A32C215786B2600D3A49F /* Project object */ = {
			isa = PBXProject;
			attributes = {
				CLASSPREFIX = "";
				LastSwiftUpdateCheck = 0730;
				LastUpgradeCheck = 0440;
				ORGANIZATIONNAME = "Brendon Justin";
			};
			buildConfigurationList = 5C0A32C515786B2600D3A49F /* Build configuration list for PBXProject "EtherPlayer" */;
			compatibilityVersion = "Xcode 3.2";
			developmentRegion = English;
			hasScannedForEncodings = 0;
			knownRegions = (
				en,
				English,
			);
			mainGroup = 5C0A32C015786B2600D3A49F;
			productRefGroup = 5C0A32CC15786B2600D3A49F /* Products */;
			projectDirPath = "";
			projectRoot = "";
			targets = (
				5C0A32CA15786B2600D3A49F /* EtherPlayer */,
			);
		};
/* End PBXProject section */

/* Begin PBXResourcesBuildPhase section */
		5C0A32C915786B2600D3A49F /* Resources */ = {
			isa = PBXResourcesBuildPhase;
			buildActionMask = 2147483647;
			files = (
				5C0A32DA15786B2600D3A49F /* InfoPlist.strings in Resources */,
				5C0A32E015786B2600D3A49F /* Credits.rtf in Resources */,
				5C4D440D15804915007B94F2 /* pause.png in Resources */,
				5C4D440E15804915007B94F2 /* play.png in Resources */,
				5C4D440F15804915007B94F2 /* stop.png in Resources */,
				DAC350071CD97FC500B18830 /* Main.storyboard in Resources */,
				5C09485E16F7FABD008E6582 /* LICENSE.txt in Resources */,
				5C09485F16F7FABD008E6582 /* README.markdown in Resources */,
				5C09486016F7FABD008E6582 /* About.txt in Resources */,
				5C09486216F7FABD008E6582 /* About.txt in Resources */,
				5C09486A16F7FABD008E6582 /* README.txt in Resources */,
			);
			runOnlyForDeploymentPostprocessing = 0;
		};
/* End PBXResourcesBuildPhase section */

/* Begin PBXSourcesBuildPhase section */
		5C0A32C715786B2600D3A49F /* Sources */ = {
			isa = PBXSourcesBuildPhase;
			buildActionMask = 2147483647;
			files = (
				5C0A32F215786C9400D3A49F /* BonjourSearcher.m in Sources */,
				5C0DD8C6157FF566005C8FF8 /* VideoManager.m in Sources */,
				5C09484D16F7FABD008E6582 /* DDData.m in Sources */,
				5C09484E16F7FABD008E6582 /* DDNumber.m in Sources */,
				5C09484F16F7FABD008E6582 /* DDRange.m in Sources */,
				5C09485016F7FABD008E6582 /* HTTPAuthenticationRequest.m in Sources */,
				5C09485116F7FABD008E6582 /* HTTPConnection.m in Sources */,
				DAC34FCE1CD97B3400B18830 /* ViewController.swift in Sources */,
				5C09485216F7FABD008E6582 /* HTTPMessage.m in Sources */,
				5C09485316F7FABD008E6582 /* HTTPServer.m in Sources */,
				5C09485416F7FABD008E6582 /* MultipartFormDataParser.m in Sources */,
				5C09485516F7FABD008E6582 /* MultipartMessageHeader.m in Sources */,
				5C09485616F7FABD008E6582 /* MultipartMessageHeaderField.m in Sources */,
				DA0F570C1CDBAFF30045E639 /* ReverseRequester.swift in Sources */,
				5C09485716F7FABD008E6582 /* HTTPAsyncFileResponse.m in Sources */,
				5C09485816F7FABD008E6582 /* HTTPDataResponse.m in Sources */,
				DA0F57101CDBB2130045E639 /* StopRequester.swift in Sources */,
				5C09485916F7FABD008E6582 /* HTTPDynamicFileResponse.m in Sources */,
				DA89133C1CDCDEE800E883EC /* AirplayConstants.m in Sources */,
				5C09485A16F7FABD008E6582 /* HTTPErrorResponse.m in Sources */,
				5C09485B16F7FABD008E6582 /* HTTPFileResponse.m in Sources */,
				5C09485C16F7FABD008E6582 /* HTTPRedirectResponse.m in Sources */,
				DA0F57161CDBD3F10045E639 /* ScrubRequester.swift in Sources */,
				5C09485D16F7FABD008E6582 /* WebSocket.m in Sources */,
				DA74FA571CD9706D009FB1F6 /* AppDelegate.swift in Sources */,
				5C09486116F7FABD008E6582 /* GCDAsyncSocket.m in Sources */,
				DA0F57121CDBBCB90045E639 /* PlayingRequester.swift in Sources */,
				DA0F57141CDBD3C10045E639 /* PlaybackInfoRequester.swift in Sources */,
				5C09486316F7FABD008E6582 /* DDAbstractDatabaseLogger.m in Sources */,
				DA0F570E1CDBB02E0045E639 /* AirplayStateMachine.swift in Sources */,
				DA0F57181CDBD7510045E639 /* ServerInfoRequester.swift in Sources */,
				5C09486416F7FABD008E6582 /* DDASLLogger.m in Sources */,
				5C09486516F7FABD008E6582 /* DDFileLogger.m in Sources */,
				5C09486616F7FABD008E6582 /* DDLog.m in Sources */,
				5C09486716F7FABD008E6582 /* DDTTYLogger.m in Sources */,
				5C09486816F7FABD008E6582 /* ContextFilterLogFormatter.m in Sources */,
				5C09486916F7FABD008E6582 /* DispatchQueueLogFormatter.m in Sources */,
				DAC3500B1CD98A3300B18830 /* AirplayHandler.swift in Sources */,
			);
			runOnlyForDeploymentPostprocessing = 0;
		};
/* End PBXSourcesBuildPhase section */

/* Begin PBXVariantGroup section */
		5C0A32D815786B2600D3A49F /* InfoPlist.strings */ = {
			isa = PBXVariantGroup;
			children = (
				5C0A32D915786B2600D3A49F /* en */,
			);
			name = InfoPlist.strings;
			sourceTree = "<group>";
		};
		5C0A32DE15786B2600D3A49F /* Credits.rtf */ = {
			isa = PBXVariantGroup;
			children = (
				5C0A32DF15786B2600D3A49F /* en */,
			);
			name = Credits.rtf;
			sourceTree = "<group>";
		};
/* End PBXVariantGroup section */

/* Begin XCBuildConfiguration section */
		5C0A32E715786B2700D3A49F /* Debug */ = {
			isa = XCBuildConfiguration;
			buildSettings = {
				ALWAYS_SEARCH_USER_PATHS = NO;
				ARCHS = "$(ARCHS_STANDARD_64_BIT)";
				CLANG_ENABLE_OBJC_ARC = YES;
				COPY_PHASE_STRIP = NO;
				GCC_C_LANGUAGE_STANDARD = gnu99;
				GCC_DYNAMIC_NO_PIC = NO;
				GCC_ENABLE_OBJC_EXCEPTIONS = YES;
				GCC_OPTIMIZATION_LEVEL = 0;
				GCC_PREPROCESSOR_DEFINITIONS = (
					"DEBUG=1",
					"$(inherited)",
				);
				GCC_SYMBOLS_PRIVATE_EXTERN = NO;
				GCC_VERSION = "";
				GCC_WARN_64_TO_32_BIT_CONVERSION = YES;
				GCC_WARN_ABOUT_RETURN_TYPE = YES;
				GCC_WARN_UNINITIALIZED_AUTOS = YES;
				GCC_WARN_UNUSED_VARIABLE = YES;
				MACOSX_DEPLOYMENT_TARGET = 10.11;
				ONLY_ACTIVE_ARCH = YES;
				SDKROOT = macosx;
			};
			name = Debug;
		};
		5C0A32E815786B2700D3A49F /* Release */ = {
			isa = XCBuildConfiguration;
			buildSettings = {
				ALWAYS_SEARCH_USER_PATHS = NO;
				ARCHS = "$(ARCHS_STANDARD_64_BIT)";
				CLANG_ENABLE_OBJC_ARC = YES;
				COPY_PHASE_STRIP = YES;
				DEBUG_INFORMATION_FORMAT = "dwarf-with-dsym";
				GCC_C_LANGUAGE_STANDARD = gnu99;
				GCC_ENABLE_OBJC_EXCEPTIONS = YES;
				GCC_VERSION = "";
				GCC_WARN_64_TO_32_BIT_CONVERSION = YES;
				GCC_WARN_ABOUT_RETURN_TYPE = YES;
				GCC_WARN_UNINITIALIZED_AUTOS = YES;
				GCC_WARN_UNUSED_VARIABLE = YES;
				MACOSX_DEPLOYMENT_TARGET = 10.11;
				SDKROOT = macosx;
			};
			name = Release;
		};
		5C0A32EA15786B2700D3A49F /* Debug */ = {
			isa = XCBuildConfiguration;
			buildSettings = {
				CLANG_ENABLE_MODULES = YES;
				COMBINE_HIDPI_IMAGES = YES;
				FRAMEWORK_SEARCH_PATHS = (
					"$(inherited)",
					"\"$(SRCROOT)\"",
				);
				GCC_PRECOMPILE_PREFIX_HEADER = YES;
				GCC_PREFIX_HEADER = "EtherPlayer/EtherPlayer-Prefix.pch";
				INFOPLIST_FILE = "EtherPlayer/EtherPlayer-Info.plist";
				LD_RUNPATH_SEARCH_PATHS = "$(inherited) @executable_path/../Frameworks";
				PRODUCT_NAME = "$(TARGET_NAME)";
				SWIFT_OBJC_BRIDGING_HEADER = "EtherPlayer/EtherPlayer-Bridging-Header.h";
				SWIFT_OPTIMIZATION_LEVEL = "-Onone";
				WRAPPER_EXTENSION = app;
			};
			name = Debug;
		};
		5C0A32EB15786B2700D3A49F /* Release */ = {
			isa = XCBuildConfiguration;
			buildSettings = {
				CLANG_ENABLE_MODULES = YES;
				COMBINE_HIDPI_IMAGES = YES;
				FRAMEWORK_SEARCH_PATHS = (
					"$(inherited)",
					"\"$(SRCROOT)\"",
				);
				GCC_PRECOMPILE_PREFIX_HEADER = YES;
				GCC_PREFIX_HEADER = "EtherPlayer/EtherPlayer-Prefix.pch";
				INFOPLIST_FILE = "EtherPlayer/EtherPlayer-Info.plist";
				LD_RUNPATH_SEARCH_PATHS = "$(inherited) @executable_path/../Frameworks";
				PRODUCT_NAME = "$(TARGET_NAME)";
				SDKROOT = macosx;
				SWIFT_OBJC_BRIDGING_HEADER = "EtherPlayer/EtherPlayer-Bridging-Header.h";
				WRAPPER_EXTENSION = app;
			};
			name = Release;
		};
/* End XCBuildConfiguration section */

/* Begin XCConfigurationList section */
		5C0A32C515786B2600D3A49F /* Build configuration list for PBXProject "EtherPlayer" */ = {
			isa = XCConfigurationList;
			buildConfigurations = (
				5C0A32E715786B2700D3A49F /* Debug */,
				5C0A32E815786B2700D3A49F /* Release */,
			);
			defaultConfigurationIsVisible = 0;
			defaultConfigurationName = Release;
		};
		5C0A32E915786B2700D3A49F /* Build configuration list for PBXNativeTarget "EtherPlayer" */ = {
			isa = XCConfigurationList;
			buildConfigurations = (
				5C0A32EA15786B2700D3A49F /* Debug */,
				5C0A32EB15786B2700D3A49F /* Release */,
			);
			defaultConfigurationIsVisible = 0;
			defaultConfigurationName = Release;
		};
/* End XCConfigurationList section */
	};
	rootObject = 5C0A32C215786B2600D3A49F /* Project object */;
}
